# This file is automatically @generated by Cargo.
# It is not intended for manual editing.
version = 3

[[package]]
name = "anyhow"
version = "1.0.70"
source = "registry+https://github.com/rust-lang/crates.io-index"
checksum = "7de8ce5e0f9f8d88245311066a578d72b7af3e7088f32783804676302df237e4"

[[package]]
name = "proc-macro2"
version = "1.0.54"
source = "registry+https://github.com/rust-lang/crates.io-index"
checksum = "e472a104799c74b514a57226160104aa483546de37e839ec50e3c2e41dd87534"
dependencies = [
 "unicode-ident",
]

[[package]]
name = "quote"
version = "1.0.26"
source = "registry+https://github.com/rust-lang/crates.io-index"
checksum = "4424af4bf778aae2051a77b60283332f386554255d722233d09fbfc7e30da2fc"
dependencies = [
 "proc-macro2",
]

[[package]]
name = "rlox_derive"
version = "0.1.0"
dependencies = [
 "proc-macro2",
 "rlox_derive_impl",
]

[[package]]
name = "rlox_derive_impl"
version = "0.1.0"
dependencies = [
 "proc-macro2",
 "quote",
 "syn",
]

[[package]]
name = "rlox_interpreter"
version = "0.1.0"
dependencies = [
 "anyhow",
 "rlox_parser",
 "rlox_syntax",
]

[[package]]
name = "rlox_parser"
version = "0.1.0"
dependencies = [
 "anyhow",
 "rlox_syntax",
]

[[package]]
name = "rlox_repl"
version = "0.1.0"
dependencies = [
 "anyhow",
 "rlox_interpreter",
 "rlox_parser",
 "rlox_syntax",
]

[[package]]
name = "rlox_syntax"
version = "0.1.0"
dependencies = [
 "rlox_derive",
]

[[package]]
name = "syn"
version = "2.0.11"
source = "registry+https://github.com/rust-lang/crates.io-index"
checksum = "21e3787bb71465627110e7d87ed4faaa36c1f61042ee67badb9e2ef173accc40"
dependencies = [
 "proc-macro2",
 "quote",
 "unicode-ident",
]

[[package]]
name = "unicode-ident"
version = "1.0.8"
source = "registry+https://github.com/rust-lang/crates.io-index"
checksum = "e5464a87b239f13a63a501f2701565754bae92d243d4bb7eb12f6d57d2269bf4"
